Microsoft Visual Studio Solution File, Format Version 12.00
# Visual Studio Version 17
VisualStudioVersion = 17.0.31903.59
MinimumVisualStudioVersion = 10.0.40219.1
Project("{2150E333-8FDC-42A3-9474-1A3956D46DE8}") = "src", "src", "{6D4B2D09-B108-452D-B80A-C66817BE846D}"
EndProject
Project("{2150E333-8FDC-42A3-9474-1A3956D46DE8}") = "test", "test", "{81E9D704-8CD3-4A8D-9AB0-62C63829990A}"
EndProject
Project("{2150E333-8FDC-42A3-9474-1A3956D46DE8}") = "Solution Items", "Solution Items", "{D6AB6A02-EF9D-4743-90EF-D3704567A4B7}"
	ProjectSection(SolutionItems) = preProject
		.gitignore = .gitignore
		build.local.sh = build.local.sh
		build.sh = build.sh
		Database.sql = Database.sql
		Dockerfile = Dockerfile
		global.json = global.json
		Jenkinsfile = Jenkinsfile
		LICENSE = LICENSE
		..\CommonLibrary\README.md = ..\CommonLibrary\README.md
	EndProjectSection
EndProject
Project("{9A19103F-16F7-4668-BE54-9A1E7A4F7556}") = "SAE.CommonComponent.ConfigServer", "src\SAE.CommonComponent.ConfigServer\SAE.CommonComponent.ConfigServer.csproj", "{0CED6C8A-1E70-4A81-B9CE-A4EFA064D02E}"
EndProject
Project("{9A19103F-16F7-4668-BE54-9A1E7A4F7556}") = "SAE.CommonComponent.ConfigServer.Test", "test\SAE.CommonComponent.ConfigServer.Test\SAE.CommonComponent.ConfigServer.Test.csproj", "{7F30CD90-9611-4FE5-BC71-BE038844610B}"
EndProject
Project("{9A19103F-16F7-4668-BE54-9A1E7A4F7556}") = "SAE.CommonComponent.Test", "test\SAE.CommonComponent.Test\SAE.CommonComponent.Test.csproj", "{82A0D39F-CE63-47DB-AA57-088C680FE83D}"
EndProject
Project("{9A19103F-16F7-4668-BE54-9A1E7A4F7556}") = "SAE.CommonComponent.Identity", "src\SAE.CommonComponent.Identity\SAE.CommonComponent.Identity.csproj", "{6BE4523F-952F-4E34-8259-BC94612209DF}"
EndProject
Project("{9A19103F-16F7-4668-BE54-9A1E7A4F7556}") = "SAE.CommonComponent.Master", "src\SAE.CommonComponent.Master\SAE.CommonComponent.Master.csproj", "{77797DE1-2C25-4C30-90FF-E8C3857FD8E7}"
EndProject
Project("{9A19103F-16F7-4668-BE54-9A1E7A4F7556}") = "SAE.CommonComponent.Routing", "src\SAE.CommonComponent.Routing\SAE.CommonComponent.Routing.csproj", "{B4B4C44F-916E-4150-A9AE-11B162B70EF3}"
EndProject
Project("{9A19103F-16F7-4668-BE54-9A1E7A4F7556}") = "SAE.CommonComponent.Authorize", "src\SAE.CommonComponent.Authorize\SAE.CommonComponent.Authorize.csproj", "{94781DCE-BD49-44FE-845C-464999D93066}"
EndProject
Project("{9A19103F-16F7-4668-BE54-9A1E7A4F7556}") = "SAE.CommonComponent", "src\SAE.CommonComponent\SAE.CommonComponent.csproj", "{B6A5B3F4-BF73-4627-B6F9-57E23AE94121}"
EndProject
Project("{9A19103F-16F7-4668-BE54-9A1E7A4F7556}") = "SAE.CommonComponent.Routing.Test", "test\SAE.CommonComponent.Routing.Test\SAE.CommonComponent.Routing.Test.csproj", "{7B16561A-58CC-4510-AD0A-EC50340B7EFF}"
EndProject
Project("{9A19103F-16F7-4668-BE54-9A1E7A4F7556}") = "SAE.CommonComponent.Authorize.Test", "test\SAE.CommonComponent.Authorize.Test\SAE.CommonComponent.Authorize.Test.csproj", "{02213A50-B0F5-46C3-948E-FD79AF7A780C}"
EndProject
Project("{9A19103F-16F7-4668-BE54-9A1E7A4F7556}") = "SAE.CommonComponent.Identity.Test", "test\SAE.CommonComponent.Identity.Test\SAE.CommonComponent.Identity.Test.csproj", "{7AFFD083-D7FF-44FB-AE0D-D3D6D1493BE9}"
EndProject
Project("{9A19103F-16F7-4668-BE54-9A1E7A4F7556}") = "SAE.CommonComponent.Application", "src\SAE.CommonComponent.Application\SAE.CommonComponent.Application.csproj", "{CBC55276-1FDB-4FC0-AD23-3F1EAF8AC75B}"
EndProject
Project("{9A19103F-16F7-4668-BE54-9A1E7A4F7556}") = "SAE.CommonComponent.Application.Abstract", "src\SAE.CommonComponent.Application.Abstract\SAE.CommonComponent.Application.Abstract.csproj", "{271E5A41-C4DE-4C43-9B7E-25D68C9EB53B}"
EndProject
Project("{9A19103F-16F7-4668-BE54-9A1E7A4F7556}") = "SAE.CommonComponent.Application.Test", "test\SAE.CommonComponent.Application.Test\SAE.CommonComponent.Application.Test.csproj", "{7CA734D6-8AD1-4EEE-8DB1-CD3E810ADAD2}"
EndProject
Project("{9A19103F-16F7-4668-BE54-9A1E7A4F7556}") = "SAE.CommonComponent.User", "src\SAE.CommonComponent.User\SAE.CommonComponent.User.csproj", "{58A03C16-6157-4E0C-8E28-AACCCE467C3B}"
EndProject
Project("{9A19103F-16F7-4668-BE54-9A1E7A4F7556}") = "SAE.CommonComponent.User.Abstract", "src\SAE.CommonComponent.User.Abstract\SAE.CommonComponent.User.Abstract.csproj", "{79F8F3A8-69CF-4DEC-B55C-BA2A1B28F6EE}"
EndProject
Project("{9A19103F-16F7-4668-BE54-9A1E7A4F7556}") = "SAE.CommonComponent.User.Test", "test\SAE.CommonComponent.User.Test\SAE.CommonComponent.User.Test.csproj", "{D2139B82-9F15-40B6-844C-1FAB855851BF}"
EndProject
Project("{9A19103F-16F7-4668-BE54-9A1E7A4F7556}") = "SAE.CommonComponent.Authorize.Abstract", "src\SAE.CommonComponent.Authorize.Abstract\SAE.CommonComponent.Authorize.Abstract.csproj", "{9C8A19E2-12B0-4438-A937-D22C73FE9C11}"
EndProject
Project("{9A19103F-16F7-4668-BE54-9A1E7A4F7556}") = "SAE.CommonComponent.OAuth", "src\SAE.CommonComponent.OAuth\SAE.CommonComponent.OAuth.csproj", "{9981F2B3-E290-4D43-9F61-D549EFAB915B}"
EndProject
Project("{9A19103F-16F7-4668-BE54-9A1E7A4F7556}") = "SAE.CommonComponent.InitializeData", "src\SAE.CommonComponent.InitializeData\SAE.CommonComponent.InitializeData.csproj", "{9E058F54-6737-4312-8767-A6F57AD04EF4}"
EndProject
Project("{9A19103F-16F7-4668-BE54-9A1E7A4F7556}") = "SAE.CommonComponent.ConfigServer.Abstract", "src\SAE.CommonComponent.ConfigServer.Abstract\SAE.CommonComponent.ConfigServer.Abstract.csproj", "{A44B9544-F88D-43E3-A4A2-EC2295706EEC}"
EndProject
Project("{9A19103F-16F7-4668-BE54-9A1E7A4F7556}") = "SAE.CommonComponent.Routing.Abstract", "src\SAE.CommonComponent.Routing.Abstract\SAE.CommonComponent.Routing.Abstract.csproj", "{C09E5355-EAD1-44D8-81C1-451B66DB0FCE}"
EndProject
Project("{9A19103F-16F7-4668-BE54-9A1E7A4F7556}") = "SAE.CommonComponent.PluginManagement", "src\SAE.CommonComponent.PluginManagement\SAE.CommonComponent.PluginManagement.csproj", "{75FCC064-3EED-4290-82AD-4924A149DEBB}"
EndProject
Project("{9A19103F-16F7-4668-BE54-9A1E7A4F7556}") = "SAE.CommonComponent.PluginManagement.Abstract", "src\SAE.CommonComponent.PluginManagement.Abstract\SAE.CommonComponent.PluginManagement.Abstract.csproj", "{74AC242D-E60B-4613-A835-6EBDC5DA3887}"
EndProject
Project("{9A19103F-16F7-4668-BE54-9A1E7A4F7556}") = "SAE.CommonComponent.PluginManagement.Test", "test\SAE.CommonComponent.PluginManagement.Test\SAE.CommonComponent.PluginManagement.Test.csproj", "{17B3DB7B-1F6C-456C-B7A8-2ABAC77A51C6}"
EndProject
Project("{9A19103F-16F7-4668-BE54-9A1E7A4F7556}") = "SAE.CommonComponent.BasicData", "src\SAE.CommonComponent.BasicData\SAE.CommonComponent.BasicData.csproj", "{DDAEB48D-62B8-4DB1-BD87-6DA809264B58}"
EndProject
Project("{9A19103F-16F7-4668-BE54-9A1E7A4F7556}") = "SAE.CommonComponent.BasicData.Abstract", "src\SAE.CommonComponent.BasicData.Abstract\SAE.CommonComponent.BasicData.Abstract.csproj", "{CB5D0D0A-A59D-4073-87C9-4D0EEAE05BF7}"
EndProject
Project("{FAE04EC0-301F-11D3-BF4B-00C04F79EFBC}") = "SAE.CommonComponent.BasicData.Test", "test\SAE.CommonComponent.BasicData.Test\SAE.CommonComponent.BasicData.Test.csproj", "{4327A029-C317-4FD4-B9C1-1036DCFDE3CD}"
EndProject
Project("{FAE04EC0-301F-11D3-BF4B-00C04F79EFBC}") = "SAE.CommonComponent.MultiTenant.Abstract", "src\SAE.CommonComponent.MultiTenant.Abstract\SAE.CommonComponent.MultiTenant.Abstract.csproj", "{4B451B90-4EB6-4476-BAB4-64D29B8A3AE4}"
EndProject
Project("{FAE04EC0-301F-11D3-BF4B-00C04F79EFBC}") = "SAE.CommonComponent.MultiTenant", "src\SAE.CommonComponent.MultiTenant\SAE.CommonComponent.MultiTenant.csproj", "{EF8E5266-37E6-4B97-A671-A08C6F88B51E}"
EndProject
Project("{FAE04EC0-301F-11D3-BF4B-00C04F79EFBC}") = "SAE.CommonComponent.MultiTenant.Test", "test\SAE.CommonComponent.MultiTenant.Test\SAE.CommonComponent.MultiTenant.Test.csproj", "{EAE7F0FC-C52F-4CE3-A889-93BBF0DF11FB}"
EndProject
Project("{FAE04EC0-301F-11D3-BF4B-00C04F79EFBC}") = "SAE.CommonComponent.Master.Test", "test\SAE.CommonComponent.Master.Test\SAE.CommonComponent.Master.Test.csproj", "{B9DBE553-6AD9-4751-A52E-AF4A0617F73E}"
EndProject
Project("{FAE04EC0-301F-11D3-BF4B-00C04F79EFBC}") = "SAE.CommonComponent.InitializeData.Test", "test\SAE.CommonComponent.InitializeData.Test\SAE.CommonComponent.InitializeData.Test.csproj", "{3EBEEF7E-9D43-41F9-943F-7B52BEDF7EA9}"
EndProject
Project("{FAE04EC0-301F-11D3-BF4B-00C04F79EFBC}") = "SAE.CommonLibrary.Abstract", "..\SAE.CommonLibrary\src\SAE.CommonLibrary.Abstract\SAE.CommonLibrary.Abstract.csproj", "{BEAF6F8F-6BDD-4212-9AC0-B1225952ED94}"
EndProject
Project("{FAE04EC0-301F-11D3-BF4B-00C04F79EFBC}") = "SAE.CommonLibrary.AspNetCore", "..\SAE.CommonLibrary\src\SAE.CommonLibrary.AspNetCore\SAE.CommonLibrary.AspNetCore.csproj", "{01D65C02-06B9-424D-A431-21FE2E26A3C3}"
EndProject
Global
	GlobalSection(SolutionConfigurationPlatforms) = preSolution
		Debug|Any CPU = Debug|Any CPU
		Release|Any CPU = Release|Any CPU
	EndGlobalSection
	GlobalSection(ProjectConfigurationPlatforms) = postSolution
		{0CED6C8A-1E70-4A81-B9CE-A4EFA064D02E}.Debug|Any CPU.ActiveCfg = Debug|Any CPU
		{0CED6C8A-1E70-4A81-B9CE-A4EFA064D02E}.Debug|Any CPU.Build.0 = Debug|Any CPU
		{0CED6C8A-1E70-4A81-B9CE-A4EFA064D02E}.Release|Any CPU.ActiveCfg = Release|Any CPU
		{0CED6C8A-1E70-4A81-B9CE-A4EFA064D02E}.Release|Any CPU.Build.0 = Release|Any CPU
		{7F30CD90-9611-4FE5-BC71-BE038844610B}.Debug|Any CPU.ActiveCfg = Debug|Any CPU
		{7F30CD90-9611-4FE5-BC71-BE038844610B}.Debug|Any CPU.Build.0 = Debug|Any CPU
		{7F30CD90-9611-4FE5-BC71-BE038844610B}.Release|Any CPU.ActiveCfg = Release|Any CPU
		{7F30CD90-9611-4FE5-BC71-BE038844610B}.Release|Any CPU.Build.0 = Release|Any CPU
		{82A0D39F-CE63-47DB-AA57-088C680FE83D}.Debug|Any CPU.ActiveCfg = Debug|Any CPU
		{82A0D39F-CE63-47DB-AA57-088C680FE83D}.Debug|Any CPU.Build.0 = Debug|Any CPU
		{82A0D39F-CE63-47DB-AA57-088C680FE83D}.Release|Any CPU.ActiveCfg = Release|Any CPU
		{82A0D39F-CE63-47DB-AA57-088C680FE83D}.Release|Any CPU.Build.0 = Release|Any CPU
		{6BE4523F-952F-4E34-8259-BC94612209DF}.Debug|Any CPU.ActiveCfg = Debug|Any CPU
		{6BE4523F-952F-4E34-8259-BC94612209DF}.Debug|Any CPU.Build.0 = Debug|Any CPU
		{6BE4523F-952F-4E34-8259-BC94612209DF}.Release|Any CPU.ActiveCfg = Release|Any CPU
		{6BE4523F-952F-4E34-8259-BC94612209DF}.Release|Any CPU.Build.0 = Release|Any CPU
		{77797DE1-2C25-4C30-90FF-E8C3857FD8E7}.Debug|Any CPU.ActiveCfg = Debug|Any CPU
		{77797DE1-2C25-4C30-90FF-E8C3857FD8E7}.Debug|Any CPU.Build.0 = Debug|Any CPU
		{77797DE1-2C25-4C30-90FF-E8C3857FD8E7}.Release|Any CPU.ActiveCfg = Release|Any CPU
		{77797DE1-2C25-4C30-90FF-E8C3857FD8E7}.Release|Any CPU.Build.0 = Release|Any CPU
		{B4B4C44F-916E-4150-A9AE-11B162B70EF3}.Debug|Any CPU.ActiveCfg = Debug|Any CPU
		{B4B4C44F-916E-4150-A9AE-11B162B70EF3}.Debug|Any CPU.Build.0 = Debug|Any CPU
		{B4B4C44F-916E-4150-A9AE-11B162B70EF3}.Release|Any CPU.ActiveCfg = Release|Any CPU
		{B4B4C44F-916E-4150-A9AE-11B162B70EF3}.Release|Any CPU.Build.0 = Release|Any CPU
		{94781DCE-BD49-44FE-845C-464999D93066}.Debug|Any CPU.ActiveCfg = Debug|Any CPU
		{94781DCE-BD49-44FE-845C-464999D93066}.Debug|Any CPU.Build.0 = Debug|Any CPU
		{94781DCE-BD49-44FE-845C-464999D93066}.Release|Any CPU.ActiveCfg = Release|Any CPU
		{94781DCE-BD49-44FE-845C-464999D93066}.Release|Any CPU.Build.0 = Release|Any CPU
		{B6A5B3F4-BF73-4627-B6F9-57E23AE94121}.Debug|Any CPU.ActiveCfg = Debug|Any CPU
		{B6A5B3F4-BF73-4627-B6F9-57E23AE94121}.Debug|Any CPU.Build.0 = Debug|Any CPU
		{B6A5B3F4-BF73-4627-B6F9-57E23AE94121}.Release|Any CPU.ActiveCfg = Release|Any CPU
		{B6A5B3F4-BF73-4627-B6F9-57E23AE94121}.Release|Any CPU.Build.0 = Release|Any CPU
		{7B16561A-58CC-4510-AD0A-EC50340B7EFF}.Debug|Any CPU.ActiveCfg = Debug|Any CPU
		{7B16561A-58CC-4510-AD0A-EC50340B7EFF}.Debug|Any CPU.Build.0 = Debug|Any CPU
		{7B16561A-58CC-4510-AD0A-EC50340B7EFF}.Release|Any CPU.ActiveCfg = Release|Any CPU
		{7B16561A-58CC-4510-AD0A-EC50340B7EFF}.Release|Any CPU.Build.0 = Release|Any CPU
		{02213A50-B0F5-46C3-948E-FD79AF7A780C}.Debug|Any CPU.ActiveCfg = Debug|Any CPU
		{02213A50-B0F5-46C3-948E-FD79AF7A780C}.Debug|Any CPU.Build.0 = Debug|Any CPU
		{02213A50-B0F5-46C3-948E-FD79AF7A780C}.Release|Any CPU.ActiveCfg = Release|Any CPU
		{02213A50-B0F5-46C3-948E-FD79AF7A780C}.Release|Any CPU.Build.0 = Release|Any CPU
		{7AFFD083-D7FF-44FB-AE0D-D3D6D1493BE9}.Debug|Any CPU.ActiveCfg = Debug|Any CPU
		{7AFFD083-D7FF-44FB-AE0D-D3D6D1493BE9}.Debug|Any CPU.Build.0 = Debug|Any CPU
		{7AFFD083-D7FF-44FB-AE0D-D3D6D1493BE9}.Release|Any CPU.ActiveCfg = Release|Any CPU
		{7AFFD083-D7FF-44FB-AE0D-D3D6D1493BE9}.Release|Any CPU.Build.0 = Release|Any CPU
		{CBC55276-1FDB-4FC0-AD23-3F1EAF8AC75B}.Debug|Any CPU.ActiveCfg = Debug|Any CPU
		{CBC55276-1FDB-4FC0-AD23-3F1EAF8AC75B}.Debug|Any CPU.Build.0 = Debug|Any CPU
		{CBC55276-1FDB-4FC0-AD23-3F1EAF8AC75B}.Release|Any CPU.ActiveCfg = Release|Any CPU
		{CBC55276-1FDB-4FC0-AD23-3F1EAF8AC75B}.Release|Any CPU.Build.0 = Release|Any CPU
		{271E5A41-C4DE-4C43-9B7E-25D68C9EB53B}.Debug|Any CPU.ActiveCfg = Debug|Any CPU
		{271E5A41-C4DE-4C43-9B7E-25D68C9EB53B}.Debug|Any CPU.Build.0 = Debug|Any CPU
		{271E5A41-C4DE-4C43-9B7E-25D68C9EB53B}.Release|Any CPU.ActiveCfg = Release|Any CPU
		{271E5A41-C4DE-4C43-9B7E-25D68C9EB53B}.Release|Any CPU.Build.0 = Release|Any CPU
		{7CA734D6-8AD1-4EEE-8DB1-CD3E810ADAD2}.Debug|Any CPU.ActiveCfg = Debug|Any CPU
		{7CA734D6-8AD1-4EEE-8DB1-CD3E810ADAD2}.Debug|Any CPU.Build.0 = Debug|Any CPU
		{7CA734D6-8AD1-4EEE-8DB1-CD3E810ADAD2}.Release|Any CPU.ActiveCfg = Release|Any CPU
		{7CA734D6-8AD1-4EEE-8DB1-CD3E810ADAD2}.Release|Any CPU.Build.0 = Release|Any CPU
		{58A03C16-6157-4E0C-8E28-AACCCE467C3B}.Debug|Any CPU.ActiveCfg = Debug|Any CPU
		{58A03C16-6157-4E0C-8E28-AACCCE467C3B}.Debug|Any CPU.Build.0 = Debug|Any CPU
		{58A03C16-6157-4E0C-8E28-AACCCE467C3B}.Release|Any CPU.ActiveCfg = Release|Any CPU
		{58A03C16-6157-4E0C-8E28-AACCCE467C3B}.Release|Any CPU.Build.0 = Release|Any CPU
		{79F8F3A8-69CF-4DEC-B55C-BA2A1B28F6EE}.Debug|Any CPU.ActiveCfg = Debug|Any CPU
		{79F8F3A8-69CF-4DEC-B55C-BA2A1B28F6EE}.Debug|Any CPU.Build.0 = Debug|Any CPU
		{79F8F3A8-69CF-4DEC-B55C-BA2A1B28F6EE}.Release|Any CPU.ActiveCfg = Release|Any CPU
		{79F8F3A8-69CF-4DEC-B55C-BA2A1B28F6EE}.Release|Any CPU.Build.0 = Release|Any CPU
		{D2139B82-9F15-40B6-844C-1FAB855851BF}.Debug|Any CPU.ActiveCfg = Debug|Any CPU
		{D2139B82-9F15-40B6-844C-1FAB855851BF}.Debug|Any CPU.Build.0 = Debug|Any CPU
		{D2139B82-9F15-40B6-844C-1FAB855851BF}.Release|Any CPU.ActiveCfg = Release|Any CPU
		{D2139B82-9F15-40B6-844C-1FAB855851BF}.Release|Any CPU.Build.0 = Release|Any CPU
		{9C8A19E2-12B0-4438-A937-D22C73FE9C11}.Debug|Any CPU.ActiveCfg = Debug|Any CPU
		{9C8A19E2-12B0-4438-A937-D22C73FE9C11}.Debug|Any CPU.Build.0 = Debug|Any CPU
		{9C8A19E2-12B0-4438-A937-D22C73FE9C11}.Release|Any CPU.ActiveCfg = Release|Any CPU
		{9C8A19E2-12B0-4438-A937-D22C73FE9C11}.Release|Any CPU.Build.0 = Release|Any CPU
		{9981F2B3-E290-4D43-9F61-D549EFAB915B}.Debug|Any CPU.ActiveCfg = Debug|Any CPU
		{9981F2B3-E290-4D43-9F61-D549EFAB915B}.Debug|Any CPU.Build.0 = Debug|Any CPU
		{9981F2B3-E290-4D43-9F61-D549EFAB915B}.Release|Any CPU.ActiveCfg = Release|Any CPU
		{9981F2B3-E290-4D43-9F61-D549EFAB915B}.Release|Any CPU.Build.0 = Release|Any CPU
		{9E058F54-6737-4312-8767-A6F57AD04EF4}.Debug|Any CPU.ActiveCfg = Debug|Any CPU
		{9E058F54-6737-4312-8767-A6F57AD04EF4}.Debug|Any CPU.Build.0 = Debug|Any CPU
		{9E058F54-6737-4312-8767-A6F57AD04EF4}.Release|Any CPU.ActiveCfg = Release|Any CPU
		{9E058F54-6737-4312-8767-A6F57AD04EF4}.Release|Any CPU.Build.0 = Release|Any CPU
		{A44B9544-F88D-43E3-A4A2-EC2295706EEC}.Debug|Any CPU.ActiveCfg = Debug|Any CPU
		{A44B9544-F88D-43E3-A4A2-EC2295706EEC}.Debug|Any CPU.Build.0 = Debug|Any CPU
		{A44B9544-F88D-43E3-A4A2-EC2295706EEC}.Release|Any CPU.ActiveCfg = Release|Any CPU
		{A44B9544-F88D-43E3-A4A2-EC2295706EEC}.Release|Any CPU.Build.0 = Release|Any CPU
		{C09E5355-EAD1-44D8-81C1-451B66DB0FCE}.Debug|Any CPU.ActiveCfg = Debug|Any CPU
		{C09E5355-EAD1-44D8-81C1-451B66DB0FCE}.Debug|Any CPU.Build.0 = Debug|Any CPU
		{C09E5355-EAD1-44D8-81C1-451B66DB0FCE}.Release|Any CPU.ActiveCfg = Release|Any CPU
		{C09E5355-EAD1-44D8-81C1-451B66DB0FCE}.Release|Any CPU.Build.0 = Release|Any CPU
		{75FCC064-3EED-4290-82AD-4924A149DEBB}.Debug|Any CPU.ActiveCfg = Debug|Any CPU
		{75FCC064-3EED-4290-82AD-4924A149DEBB}.Debug|Any CPU.Build.0 = Debug|Any CPU
		{75FCC064-3EED-4290-82AD-4924A149DEBB}.Release|Any CPU.ActiveCfg = Release|Any CPU
		{75FCC064-3EED-4290-82AD-4924A149DEBB}.Release|Any CPU.Build.0 = Release|Any CPU
		{74AC242D-E60B-4613-A835-6EBDC5DA3887}.Debug|Any CPU.ActiveCfg = Debug|Any CPU
		{74AC242D-E60B-4613-A835-6EBDC5DA3887}.Debug|Any CPU.Build.0 = Debug|Any CPU
		{74AC242D-E60B-4613-A835-6EBDC5DA3887}.Release|Any CPU.ActiveCfg = Release|Any CPU
		{74AC242D-E60B-4613-A835-6EBDC5DA3887}.Release|Any CPU.Build.0 = Release|Any CPU
		{17B3DB7B-1F6C-456C-B7A8-2ABAC77A51C6}.Debug|Any CPU.ActiveCfg = Debug|Any CPU
		{17B3DB7B-1F6C-456C-B7A8-2ABAC77A51C6}.Debug|Any CPU.Build.0 = Debug|Any CPU
		{17B3DB7B-1F6C-456C-B7A8-2ABAC77A51C6}.Release|Any CPU.ActiveCfg = Release|Any CPU
		{17B3DB7B-1F6C-456C-B7A8-2ABAC77A51C6}.Release|Any CPU.Build.0 = Release|Any CPU
		{DDAEB48D-62B8-4DB1-BD87-6DA809264B58}.Debug|Any CPU.ActiveCfg = Debug|Any CPU
		{DDAEB48D-62B8-4DB1-BD87-6DA809264B58}.Debug|Any CPU.Build.0 = Debug|Any CPU
		{DDAEB48D-62B8-4DB1-BD87-6DA809264B58}.Release|Any CPU.ActiveCfg = Release|Any CPU
		{DDAEB48D-62B8-4DB1-BD87-6DA809264B58}.Release|Any CPU.Build.0 = Release|Any CPU
		{CB5D0D0A-A59D-4073-87C9-4D0EEAE05BF7}.Debug|Any CPU.ActiveCfg = Debug|Any CPU
		{CB5D0D0A-A59D-4073-87C9-4D0EEAE05BF7}.Debug|Any CPU.Build.0 = Debug|Any CPU
		{CB5D0D0A-A59D-4073-87C9-4D0EEAE05BF7}.Release|Any CPU.ActiveCfg = Release|Any CPU
		{CB5D0D0A-A59D-4073-87C9-4D0EEAE05BF7}.Release|Any CPU.Build.0 = Release|Any CPU
		{4327A029-C317-4FD4-B9C1-1036DCFDE3CD}.Debug|Any CPU.ActiveCfg = Debug|Any CPU
		{4327A029-C317-4FD4-B9C1-1036DCFDE3CD}.Debug|Any CPU.Build.0 = Debug|Any CPU
		{4327A029-C317-4FD4-B9C1-1036DCFDE3CD}.Release|Any CPU.ActiveCfg = Release|Any CPU
		{4327A029-C317-4FD4-B9C1-1036DCFDE3CD}.Release|Any CPU.Build.0 = Release|Any CPU
		{4B451B90-4EB6-4476-BAB4-64D29B8A3AE4}.Debug|Any CPU.ActiveCfg = Debug|Any CPU
		{4B451B90-4EB6-4476-BAB4-64D29B8A3AE4}.Debug|Any CPU.Build.0 = Debug|Any CPU
		{4B451B90-4EB6-4476-BAB4-64D29B8A3AE4}.Release|Any CPU.ActiveCfg = Release|Any CPU
		{4B451B90-4EB6-4476-BAB4-64D29B8A3AE4}.Release|Any CPU.Build.0 = Release|Any CPU
		{EF8E5266-37E6-4B97-A671-A08C6F88B51E}.Debug|Any CPU.ActiveCfg = Debug|Any CPU
		{EF8E5266-37E6-4B97-A671-A08C6F88B51E}.Debug|Any CPU.Build.0 = Debug|Any CPU
		{EF8E5266-37E6-4B97-A671-A08C6F88B51E}.Release|Any CPU.ActiveCfg = Release|Any CPU
		{EF8E5266-37E6-4B97-A671-A08C6F88B51E}.Release|Any CPU.Build.0 = Release|Any CPU
		{EAE7F0FC-C52F-4CE3-A889-93BBF0DF11FB}.Debug|Any CPU.ActiveCfg = Debug|Any CPU
		{EAE7F0FC-C52F-4CE3-A889-93BBF0DF11FB}.Debug|Any CPU.Build.0 = Debug|Any CPU
		{EAE7F0FC-C52F-4CE3-A889-93BBF0DF11FB}.Release|Any CPU.ActiveCfg = Release|Any CPU
		{EAE7F0FC-C52F-4CE3-A889-93BBF0DF11FB}.Release|Any CPU.Build.0 = Release|Any CPU
		{B9DBE553-6AD9-4751-A52E-AF4A0617F73E}.Debug|Any CPU.ActiveCfg = Debug|Any CPU
		{B9DBE553-6AD9-4751-A52E-AF4A0617F73E}.Debug|Any CPU.Build.0 = Debug|Any CPU
		{B9DBE553-6AD9-4751-A52E-AF4A0617F73E}.Release|Any CPU.ActiveCfg = Release|Any CPU
		{B9DBE553-6AD9-4751-A52E-AF4A0617F73E}.Release|Any CPU.Build.0 = Release|Any CPU
		{3EBEEF7E-9D43-41F9-943F-7B52BEDF7EA9}.Debug|Any CPU.ActiveCfg = Debug|Any CPU
		{3EBEEF7E-9D43-41F9-943F-7B52BEDF7EA9}.Debug|Any CPU.Build.0 = Debug|Any CPU
		{3EBEEF7E-9D43-41F9-943F-7B52BEDF7EA9}.Release|Any CPU.ActiveCfg = Release|Any CPU
		{3EBEEF7E-9D43-41F9-943F-7B52BEDF7EA9}.Release|Any CPU.Build.0 = Release|Any CPU
		{BEAF6F8F-6BDD-4212-9AC0-B1225952ED94}.Debug|Any CPU.ActiveCfg = Debug|Any CPU
		{BEAF6F8F-6BDD-4212-9AC0-B1225952ED94}.Debug|Any CPU.Build.0 = Debug|Any CPU
		{BEAF6F8F-6BDD-4212-9AC0-B1225952ED94}.Release|Any CPU.ActiveCfg = Release|Any CPU
		{BEAF6F8F-6BDD-4212-9AC0-B1225952ED94}.Release|Any CPU.Build.0 = Release|Any CPU
		{01D65C02-06B9-424D-A431-21FE2E26A3C3}.Debug|Any CPU.ActiveCfg = Debug|Any CPU
		{01D65C02-06B9-424D-A431-21FE2E26A3C3}.Debug|Any CPU.Build.0 = Debug|Any CPU
		{01D65C02-06B9-424D-A431-21FE2E26A3C3}.Release|Any CPU.ActiveCfg = Release|Any CPU
		{01D65C02-06B9-424D-A431-21FE2E26A3C3}.Release|Any CPU.Build.0 = Release|Any CPU
	EndGlobalSection
	GlobalSection(SolutionProperties) = preSolution
		HideSolutionNode = FALSE
	EndGlobalSection
	GlobalSection(NestedProjects) = preSolution
		{0CED6C8A-1E70-4A81-B9CE-A4EFA064D02E} = {6D4B2D09-B108-452D-B80A-C66817BE846D}
		{7F30CD90-9611-4FE5-BC71-BE038844610B} = {81E9D704-8CD3-4A8D-9AB0-62C63829990A}
		{82A0D39F-CE63-47DB-AA57-088C680FE83D} = {81E9D704-8CD3-4A8D-9AB0-62C63829990A}
		{6BE4523F-952F-4E34-8259-BC94612209DF} = {6D4B2D09-B108-452D-B80A-C66817BE846D}
		{77797DE1-2C25-4C30-90FF-E8C3857FD8E7} = {6D4B2D09-B108-452D-B80A-C66817BE846D}
		{B4B4C44F-916E-4150-A9AE-11B162B70EF3} = {6D4B2D09-B108-452D-B80A-C66817BE846D}
		{94781DCE-BD49-44FE-845C-464999D93066} = {6D4B2D09-B108-452D-B80A-C66817BE846D}
		{B6A5B3F4-BF73-4627-B6F9-57E23AE94121} = {6D4B2D09-B108-452D-B80A-C66817BE846D}
		{7B16561A-58CC-4510-AD0A-EC50340B7EFF} = {81E9D704-8CD3-4A8D-9AB0-62C63829990A}
		{02213A50-B0F5-46C3-948E-FD79AF7A780C} = {81E9D704-8CD3-4A8D-9AB0-62C63829990A}
		{7AFFD083-D7FF-44FB-AE0D-D3D6D1493BE9} = {81E9D704-8CD3-4A8D-9AB0-62C63829990A}
		{CBC55276-1FDB-4FC0-AD23-3F1EAF8AC75B} = {6D4B2D09-B108-452D-B80A-C66817BE846D}
		{271E5A41-C4DE-4C43-9B7E-25D68C9EB53B} = {6D4B2D09-B108-452D-B80A-C66817BE846D}
		{7CA734D6-8AD1-4EEE-8DB1-CD3E810ADAD2} = {81E9D704-8CD3-4A8D-9AB0-62C63829990A}
		{58A03C16-6157-4E0C-8E28-AACCCE467C3B} = {6D4B2D09-B108-452D-B80A-C66817BE846D}
		{79F8F3A8-69CF-4DEC-B55C-BA2A1B28F6EE} = {6D4B2D09-B108-452D-B80A-C66817BE846D}
		{D2139B82-9F15-40B6-844C-1FAB855851BF} = {81E9D704-8CD3-4A8D-9AB0-62C63829990A}
		{9C8A19E2-12B0-4438-A937-D22C73FE9C11} = {6D4B2D09-B108-452D-B80A-C66817BE846D}
		{9981F2B3-E290-4D43-9F61-D549EFAB915B} = {6D4B2D09-B108-452D-B80A-C66817BE846D}
		{9E058F54-6737-4312-8767-A6F57AD04EF4} = {6D4B2D09-B108-452D-B80A-C66817BE846D}
		{A44B9544-F88D-43E3-A4A2-EC2295706EEC} = {6D4B2D09-B108-452D-B80A-C66817BE846D}
		{C09E5355-EAD1-44D8-81C1-451B66DB0FCE} = {6D4B2D09-B108-452D-B80A-C66817BE846D}
		{75FCC064-3EED-4290-82AD-4924A149DEBB} = {6D4B2D09-B108-452D-B80A-C66817BE846D}
		{74AC242D-E60B-4613-A835-6EBDC5DA3887} = {6D4B2D09-B108-452D-B80A-C66817BE846D}
		{17B3DB7B-1F6C-456C-B7A8-2ABAC77A51C6} = {81E9D704-8CD3-4A8D-9AB0-62C63829990A}
		{DDAEB48D-62B8-4DB1-BD87-6DA809264B58} = {6D4B2D09-B108-452D-B80A-C66817BE846D}
		{CB5D0D0A-A59D-4073-87C9-4D0EEAE05BF7} = {6D4B2D09-B108-452D-B80A-C66817BE846D}
		{4327A029-C317-4FD4-B9C1-1036DCFDE3CD} = {81E9D704-8CD3-4A8D-9AB0-62C63829990A}
		{4B451B90-4EB6-4476-BAB4-64D29B8A3AE4} = {6D4B2D09-B108-452D-B80A-C66817BE846D}
		{EF8E5266-37E6-4B97-A671-A08C6F88B51E} = {6D4B2D09-B108-452D-B80A-C66817BE846D}
		{EAE7F0FC-C52F-4CE3-A889-93BBF0DF11FB} = {81E9D704-8CD3-4A8D-9AB0-62C63829990A}
		{B9DBE553-6AD9-4751-A52E-AF4A0617F73E} = {81E9D704-8CD3-4A8D-9AB0-62C63829990A}
		{3EBEEF7E-9D43-41F9-943F-7B52BEDF7EA9} = {81E9D704-8CD3-4A8D-9AB0-62C63829990A}
	EndGlobalSection
	GlobalSection(ExtensibilityGlobals) = postSolution
		SolutionGuid = {E3F15B03-989E-49CA-AC48-4DA76E675671}
	EndGlobalSection
EndGlobal
