lockfileVersion: '6.0'

settings:
  autoInstallPeers: true
  excludeLinksFromLockfile: false

dependencies:
  oidc-client-ts:
    specifier: ^2.4.0
    version: 2.4.0

packages:

  /crypto-js@4.2.0:
    resolution: {integrity: sha512-KALDyEYgpY+Rlob/iriUtjV6d5Eq+Y191A5g4UqLAi8CyGP9N1+FdVbkc1SxKc2r4YAYqG8JzO2KGL+AizD70Q==}
    dev: false

  /jwt-decode@3.1.2:
    resolution: {integrity: sha512-UfpWE/VZn0iP50d8cz9NrZLM9lSWhcJ+0Gt/nm4by88UL+J1SiKN8/5dkjMmbEzwL2CAe+67GsegCbIKtbp75A==}
    dev: false

  /oidc-client-ts@2.4.0:
    resolution: {integrity: sha512-WijhkTrlXK2VvgGoakWJiBdfIsVGz6CFzgjNNqZU1hPKV2kyeEaJgLs7RwuiSp2WhLfWBQuLvr2SxVlZnk3N1w==}
    engines: {node: '>=12.13.0'}
    dependencies:
      crypto-js: 4.2.0
      jwt-decode: 3.1.2
    dev: false
